
Microsoft Visual Studio Solution File, Format Version 12.00
# Visual Studio Version 16
VisualStudioVersion = 16.0.30611.23
MinimumVisualStudioVersion = 10.0.40219.1
Project("{FAE04EC0-301F-11D3-BF4B-00C04F79EFBC}") = "COVID Monitoring System", "COVID Monitoring System\COVID Monitoring System.csproj", "{17C91BC0-2B83-41F1-9C34-6D8E921AD0B2}"
EndProject
Global
	GlobalSection(SolutionConfigurationPlatforms) = preSolution
		Debug|Any CPU = Debug|Any CPU
		Release|Any CPU = Release|Any CPU
	EndGlobalSection
	GlobalSection(ProjectConfigurationPlatforms) = postSolution
		{17C91BC0-2B83-41F1-9C34-6D8E921AD0B2}.Debug|Any CPU.ActiveCfg = Debug|Any CPU
		{17C91BC0-2B83-41F1-9C34-6D8E921AD0B2}.Debug|Any CPU.Build.0 = Debug|Any CPU
		{17C91BC0-2B83-41F1-9C34-6D8E921AD0B2}.Release|Any CPU.ActiveCfg = Release|Any CPU
		{17C91BC0-2B83-41F1-9C34-6D8E921AD0B2}.Release|Any CPU.Build.0 = Release|Any CPU
	EndGlobalSection
	GlobalSection(SolutionProperties) = preSolution
		HideSolutionNode = FALSE
	EndGlobalSection
	GlobalSection(ExtensibilityGlobals) = postSolution
		SolutionGuid = {9DBC567C-7AF0-4D30-8989-452AEB355893}
	EndGlobalSection
EndGlobal
